
Microsoft Visual Studio Solution File, Format Version 12.00
# Visual Studio Version 16
VisualStudioVersion = 16.0.28729.10
MinimumVisualStudioVersion = 10.0.40219.1
Project("{FAE04EC0-301F-11D3-BF4B-00C04F79EFBC}") = "PA_to_Halcom", "PA_to_Halcom\PA_to_Halcom.csproj", "{5AB40B2A-4298-46B0-93DE-587F2FA9DD4D}"
EndProject
Global
	GlobalSection(SolutionConfigurationPlatforms) = preSolution
		Debug|Any CPU = Debug|Any CPU
		Release|Any CPU = Release|Any CPU
	EndGlobalSection
	GlobalSection(ProjectConfigurationPlatforms) = postSolution
		{5AB40B2A-4298-46B0-93DE-587F2FA9DD4D}.Debug|Any CPU.ActiveCfg = Debug|Any CPU
		{5AB40B2A-4298-46B0-93DE-587F2FA9DD4D}.Debug|Any CPU.Build.0 = Debug|Any CPU
		{5AB40B2A-4298-46B0-93DE-587F2FA9DD4D}.Release|Any CPU.ActiveCfg = Release|Any CPU
		{5AB40B2A-4298-46B0-93DE-587F2FA9DD4D}.Release|Any CPU.Build.0 = Release|Any CPU
	EndGlobalSection
	GlobalSection(SolutionProperties) = preSolution
		HideSolutionNode = FALSE
	EndGlobalSection
	GlobalSection(ExtensibilityGlobals) = postSolution
		SolutionGuid = {6EF6B5AD-1AE9-4467-9C4F-F3B0032C7FF2}
	EndGlobalSection
EndGlobal
